
Microsoft Visual Studio Solution File, Format Version 12.00
# Visual Studio 2012
Project("{FAE04EC0-301F-11D3-BF4B-00C04F79EFBC}") = "CustomItemGenerator", "src\CustomItemGenerator.csproj", "{F4B6849B-308C-4F1A-A061-547C492B24F5}"
EndProject
Global
	GlobalSection(SolutionConfigurationPlatforms) = preSolution
		Debug|Any CPU = Debug|Any CPU
		Release|Any CPU = Release|Any CPU
	EndGlobalSection
	GlobalSection(ProjectConfigurationPlatforms) = postSolution
		{F4B6849B-308C-4F1A-A061-547C492B24F5}.Debug|Any CPU.ActiveCfg = Debug|Any CPU
		{F4B6849B-308C-4F1A-A061-547C492B24F5}.Debug|Any CPU.Build.0 = Debug|Any CPU
		{F4B6849B-308C-4F1A-A061-547C492B24F5}.Release|Any CPU.ActiveCfg = Release|Any CPU
		{F4B6849B-308C-4F1A-A061-547C492B24F5}.Release|Any CPU.Build.0 = Release|Any CPU
	EndGlobalSection
	GlobalSection(SolutionProperties) = preSolution
		HideSolutionNode = FALSE
	EndGlobalSection
EndGlobal
